// !$*UTF8*$!
{
	archiveVersion = 1;
	classes = {
	};
	objectVersion = 50;
	objects = {

/* Begin PBXBuildFile section */
		3A5694F72099389C00789084 /* AppDelegate.swift in Sources */ = {isa = PBXBuildFile; fileRef = 3A5694F62099389C00789084 /* AppDelegate.swift */; };
		3A5694F92099389D00789084 /* RedditListViewController.swift in Sources */ = {isa = PBXBuildFile; fileRef = 3A5694F82099389C00789084 /* RedditListViewController.swift */; };
		3A5694FC2099389D00789084 /* Main.storyboard in Resources */ = {isa = PBXBuildFile; fileRef = 3A5694FA2099389D00789084 /* Main.storyboard */; };
		3A5694FE209938A200789084 /* Assets.xcassets in Resources */ = {isa = PBXBuildFile; fileRef = 3A5694FD209938A200789084 /* Assets.xcassets */; };
		3A569501209938A200789084 /* LaunchScreen.storyboard in Resources */ = {isa = PBXBuildFile; fileRef = 3A5694FF209938A200789084 /* LaunchScreen.storyboard */; };
		3A56950D20993DFD00789084 /* TableViewDelegate.swift in Sources */ = {isa = PBXBuildFile; fileRef = 3A56950920993DFD00789084 /* TableViewDelegate.swift */; };
		3A56950E20993DFD00789084 /* TableViewDataSource.swift in Sources */ = {isa = PBXBuildFile; fileRef = 3A56950A20993DFD00789084 /* TableViewDataSource.swift */; };
		3A56950F20993DFD00789084 /* TableViewCompatible.swift in Sources */ = {isa = PBXBuildFile; fileRef = 3A56950B20993DFD00789084 /* TableViewCompatible.swift */; };
		3A56951020993DFD00789084 /* Configurable.swift in Sources */ = {isa = PBXBuildFile; fileRef = 3A56950C20993DFD00789084 /* Configurable.swift */; };
		3A5695122099408A00789084 /* RedditViewModel.swift in Sources */ = {isa = PBXBuildFile; fileRef = 3A5695112099408A00789084 /* RedditViewModel.swift */; };
		3A5695152099453200789084 /* RedditModel.swift in Sources */ = {isa = PBXBuildFile; fileRef = 3A5695142099453200789084 /* RedditModel.swift */; };
		3A56951E209957C700789084 /* PostModel.swift in Sources */ = {isa = PBXBuildFile; fileRef = 3A56951D209957C700789084 /* PostModel.swift */; };
		3A56952020995D8100789084 /* PostCell.swift in Sources */ = {isa = PBXBuildFile; fileRef = 3A56951F20995D8100789084 /* PostCell.swift */; };
		3A56952220995FFE00789084 /* DateExtension.swift in Sources */ = {isa = PBXBuildFile; fileRef = 3A56952120995FFE00789084 /* DateExtension.swift */; };
		3A5695292099652F00789084 /* ImageViewExtension.swift in Sources */ = {isa = PBXBuildFile; fileRef = 3A5695282099652F00789084 /* ImageViewExtension.swift */; };
		3AE9753F20996D0A00A9826F /* ImageCache.swift in Sources */ = {isa = PBXBuildFile; fileRef = 3AE9753E20996D0A00A9826F /* ImageCache.swift */; };
		3AE9754120997B6F00A9826F /* FullScreenImageViewController.swift in Sources */ = {isa = PBXBuildFile; fileRef = 3AE9754020997B6F00A9826F /* FullScreenImageViewController.swift */; };
/* End PBXBuildFile section */

/* Begin PBXFileReference section */
		3A5694F32099389C00789084 /* Reddit-Ring.app */ = {isa = PBXFileReference; explicitFileType = wrapper.application; includeInIndex = 0; path = "Reddit-Ring.app"; sourceTree = BUILT_PRODUCTS_DIR; };
		3A5694F62099389C00789084 /* AppDelegate.swift */ = {isa = PBXFileReference; lastKnownFileType = sourcecode.swift; path = AppDelegate.swift; sourceTree = "<group>"; };
		3A5694F82099389C00789084 /* RedditListViewController.swift */ = {isa = PBXFileReference; lastKnownFileType = sourcecode.swift; path = RedditListViewController.swift; sourceTree = "<group>"; };
		3A5694FB2099389D00789084 /* Base */ = {isa = PBXFileReference; lastKnownFileType = file.storyboard; name = Base; path = Base.lproj/Main.storyboard; sourceTree = "<group>"; };
		3A5694FD209938A200789084 /* Assets.xcassets */ = {isa = PBXFileReference; lastKnownFileType = folder.assetcatalog; path = Assets.xcassets; sourceTree = "<group>"; };
		3A569500209938A200789084 /* Base */ = {isa = PBXFileReference; lastKnownFileType = file.storyboard; name = Base; path = Base.lproj/LaunchScreen.storyboard; sourceTree = "<group>"; };
		3A569502209938A200789084 /* Info.plist */ = {isa = PBXFileReference; lastKnownFileType = text.plist.xml; path = Info.plist; sourceTree = "<group>"; };
		3A56950920993DFD00789084 /* TableViewDelegate.swift */ = {isa = PBXFileReference; fileEncoding = 4; lastKnownFileType = sourcecode.swift; path = TableViewDelegate.swift; sourceTree = "<group>"; };
		3A56950A20993DFD00789084 /* TableViewDataSource.swift */ = {isa = PBXFileReference; fileEncoding = 4; lastKnownFileType = sourcecode.swift; path = TableViewDataSource.swift; sourceTree = "<group>"; };
		3A56950B20993DFD00789084 /* TableViewCompatible.swift */ = {isa = PBXFileReference; fileEncoding = 4; lastKnownFileType = sourcecode.swift; path = TableViewCompatible.swift; sourceTree = "<group>"; };
		3A56950C20993DFD00789084 /* Configurable.swift */ = {isa = PBXFileReference; fileEncoding = 4; lastKnownFileType = sourcecode.swift; path = Configurable.swift; sourceTree = "<group>"; };
		3A5695112099408A00789084 /* RedditViewModel.swift */ = {isa = PBXFileReference; lastKnownFileType = sourcecode.swift; path = RedditViewModel.swift; sourceTree = "<group>"; };
		3A5695142099453200789084 /* RedditModel.swift */ = {isa = PBXFileReference; lastKnownFileType = sourcecode.swift; path = RedditModel.swift; sourceTree = "<group>"; };
		3A56951D209957C700789084 /* PostModel.swift */ = {isa = PBXFileReference; lastKnownFileType = sourcecode.swift; path = PostModel.swift; sourceTree = "<group>"; };
		3A56951F20995D8100789084 /* PostCell.swift */ = {isa = PBXFileReference; lastKnownFileType = sourcecode.swift; path = PostCell.swift; sourceTree = "<group>"; };
		3A56952120995FFE00789084 /* DateExtension.swift */ = {isa = PBXFileReference; lastKnownFileType = sourcecode.swift; path = DateExtension.swift; sourceTree = "<group>"; };
		3A5695282099652F00789084 /* ImageViewExtension.swift */ = {isa = PBXFileReference; lastKnownFileType = sourcecode.swift; path = ImageViewExtension.swift; sourceTree = "<group>"; };
		3AE9753E20996D0A00A9826F /* ImageCache.swift */ = {isa = PBXFileReference; lastKnownFileType = sourcecode.swift; path = ImageCache.swift; sourceTree = "<group>"; };
		3AE9754020997B6F00A9826F /* FullScreenImageViewController.swift */ = {isa = PBXFileReference; lastKnownFileType = sourcecode.swift; path = FullScreenImageViewController.swift; sourceTree = "<group>"; };
/* End PBXFileReference section */

/* Begin PBXFrameworksBuildPhase section */
		3A5694F02099389C00789084 /* Frameworks */ = {
			isa = PBXFrameworksBuildPhase;
			buildActionMask = 2147483647;
			files = (
			);
			runOnlyForDeploymentPostprocessing = 0;
		};
/* End PBXFrameworksBuildPhase section */

/* Begin PBXGroup section */
		3A5694EA2099389C00789084 = {
			isa = PBXGroup;
			children = (
				3A5694F52099389C00789084 /* Reddit-Ring */,
				3A5694F42099389C00789084 /* Products */,
			);
			sourceTree = "<group>";
		};
		3A5694F42099389C00789084 /* Products */ = {
			isa = PBXGroup;
			children = (
				3A5694F32099389C00789084 /* Reddit-Ring.app */,
			);
			name = Products;
			sourceTree = "<group>";
		};
		3A5694F52099389C00789084 /* Reddit-Ring */ = {
			isa = PBXGroup;
			children = (
				3A5694F62099389C00789084 /* AppDelegate.swift */,
				3A5695232099603700789084 /* Utils */,
				3A56950820993DE700789084 /* TableUtils */,
				3A5695132099452800789084 /* Models */,
				3A5695242099627B00789084 /* ViewModels */,
				3A56951F20995D8100789084 /* PostCell.swift */,
				3A5694F82099389C00789084 /* RedditListViewController.swift */,
				3AE9754020997B6F00A9826F /* FullScreenImageViewController.swift */,
				3A5694FA2099389D00789084 /* Main.storyboard */,
				3A5694FD209938A200789084 /* Assets.xcassets */,
				3A5694FF209938A200789084 /* LaunchScreen.storyboard */,
				3A569502209938A200789084 /* Info.plist */,
			);
			path = "Reddit-Ring";
			sourceTree = "<group>";
		};
		3A56950820993DE700789084 /* TableUtils */ = {
			isa = PBXGroup;
			children = (
				3A56950C20993DFD00789084 /* Configurable.swift */,
				3A56950B20993DFD00789084 /* TableViewCompatible.swift */,
				3A56950A20993DFD00789084 /* TableViewDataSource.swift */,
				3A56950920993DFD00789084 /* TableViewDelegate.swift */,
			);
			path = TableUtils;
			sourceTree = "<group>";
		};
		3A5695132099452800789084 /* Models */ = {
			isa = PBXGroup;
			children = (
				3A5695142099453200789084 /* RedditModel.swift */,
				3A56951D209957C700789084 /* PostModel.swift */,
			);
			path = Models;
			sourceTree = "<group>";
		};
		3A5695232099603700789084 /* Utils */ = {
			isa = PBXGroup;
			children = (
				3A56952120995FFE00789084 /* DateExtension.swift */,
				3A5695282099652F00789084 /* ImageViewExtension.swift */,
				3AE9753E20996D0A00A9826F /* ImageCache.swift */,
			);
			path = Utils;
			sourceTree = "<group>";
		};
		3A5695242099627B00789084 /* ViewModels */ = {
			isa = PBXGroup;
			children = (
				3A5695112099408A00789084 /* RedditViewModel.swift */,
			);
			path = ViewModels;
			sourceTree = "<group>";
		};
/* End PBXGroup section */

/* Begin PBXNativeTarget section */
		3A5694F22099389C00789084 /* Reddit-Ring */ = {
			isa = PBXNativeTarget;
			buildConfigurationList = 3A569505209938A200789084 /* Build configuration list for PBXNativeTarget "Reddit-Ring" */;
			buildPhases = (
				3A5694EF2099389C00789084 /* Sources */,
				3A5694F02099389C00789084 /* Frameworks */,
				3A5694F12099389C00789084 /* Resources */,
			);
			buildRules = (
			);
			dependencies = (
			);
			name = "Reddit-Ring";
			productName = "Reddit-Ring";
			productReference = 3A5694F32099389C00789084 /* Reddit-Ring.app */;
			productType = "com.apple.product-type.application";
		};
/* End PBXNativeTarget section */

/* Begin PBXProject section */
		3A5694EB2099389C00789084 /* Project object */ = {
			isa = PBXProject;
			attributes = {
				LastSwiftUpdateCheck = 0930;
				LastUpgradeCheck = 0930;
				ORGANIZATIONNAME = "Adrian Coroian";
				TargetAttributes = {
					3A5694F22099389C00789084 = {
						CreatedOnToolsVersion = 9.3;
					};
				};
			};
			buildConfigurationList = 3A5694EE2099389C00789084 /* Build configuration list for PBXProject "Reddit-Ring" */;
			compatibilityVersion = "Xcode 9.3";
			developmentRegion = en;
			hasScannedForEncodings = 0;
			knownRegions = (
				en,
				Base,
			);
			mainGroup = 3A5694EA2099389C00789084;
			productRefGroup = 3A5694F42099389C00789084 /* Products */;
			projectDirPath = "";
			projectRoot = "";
			targets = (
				3A5694F22099389C00789084 /* Reddit-Ring */,
			);
		};
/* End PBXProject section */

/* Begin PBXResourcesBuildPhase section */
		3A5694F12099389C00789084 /* Resources */ = {
			isa = PBXResourcesBuildPhase;
			buildActionMask = 2147483647;
			files = (
				3A569501209938A200789084 /* LaunchScreen.storyboard in Resources */,
				3A5694FE209938A200789084 /* Assets.xcassets in Resources */,
				3A5694FC2099389D00789084 /* Main.storyboard in Resources */,
			);
			runOnlyForDeploymentPostprocessing = 0;
		};
/* End PBXResourcesBuildPhase section */

/* Begin PBXSourcesBuildPhase section */
		3A5694EF2099389C00789084 /* Sources */ = {
			isa = PBXSourcesBuildPhase;
			buildActionMask = 2147483647;
			files = (
				3A56951020993DFD00789084 /* Configurable.swift in Sources */,
				3AE9753F20996D0A00A9826F /* ImageCache.swift in Sources */,
				3A56951E209957C700789084 /* PostModel.swift in Sources */,
				3A5694F92099389D00789084 /* RedditListViewController.swift in Sources */,
				3AE9754120997B6F00A9826F /* FullScreenImageViewController.swift in Sources */,
				3A56950D20993DFD00789084 /* TableViewDelegate.swift in Sources */,
				3A56950E20993DFD00789084 /* TableViewDataSource.swift in Sources */,
				3A5695292099652F00789084 /* ImageViewExtension.swift in Sources */,
				3A5695152099453200789084 /* RedditModel.swift in Sources */,
				3A56952220995FFE00789084 /* DateExtension.swift in Sources */,
				3A5694F72099389C00789084 /* AppDelegate.swift in Sources */,
				3A56950F20993DFD00789084 /* TableViewCompatible.swift in Sources */,
				3A5695122099408A00789084 /* RedditViewModel.swift in Sources */,
				3A56952020995D8100789084 /* PostCell.swift in Sources */,
			);
			runOnlyForDeploymentPostprocessing = 0;
		};
/* End PBXSourcesBuildPhase section */

/* Begin PBXVariantGroup section */
		3A5694FA2099389D00789084 /* Main.storyboard */ = {
			isa = PBXVariantGroup;
			children = (
				3A5694FB2099389D00789084 /* Base */,
			);
			name = Main.storyboard;
			sourceTree = "<group>";
		};
		3A5694FF209938A200789084 /* LaunchScreen.storyboard */ = {
			isa = PBXVariantGroup;
			children = (
				3A569500209938A200789084 /* Base */,
			);
			name = LaunchScreen.storyboard;
			sourceTree = "<group>";
		};
/* End PBXVariantGroup section */

/* Begin XCBuildConfiguration section */
		3A569503209938A200789084 /* Debug */ = {
			isa = XCBuildConfiguration;
			buildSettings = {
				ALWAYS_SEARCH_USER_PATHS = NO;
				CLANG_ANALYZER_NONNULL = YES;
				CLANG_ANALYZER_NUMBER_OBJECT_CONVERSION = YES_AGGRESSIVE;
				CLANG_CXX_LANGUAGE_STANDARD = "gnu++14";
				CLANG_CXX_LIBRARY = "libc++";
				CLANG_ENABLE_MODULES = YES;
				CLANG_ENABLE_OBJC_ARC = YES;
				CLANG_ENABLE_OBJC_WEAK = YES;
				CLANG_WARN_BLOCK_CAPTURE_AUTORELEASING = YES;
				CLANG_WARN_BOOL_CONVERSION = YES;
				CLANG_WARN_COMMA = YES;
				CLANG_WARN_CONSTANT_CONVERSION = YES;
				CLANG_WARN_DEPRECATED_OBJC_IMPLEMENTATIONS = YES;
				CLANG_WARN_DIRECT_OBJC_ISA_USAGE = YES_ERROR;
				CLANG_WARN_DOCUMENTATION_COMMENTS = YES;
				CLANG_WARN_EMPTY_BODY = YES;
				CLANG_WARN_ENUM_CONVERSION = YES;
				CLANG_WARN_INFINITE_RECURSION = YES;
				CLANG_WARN_INT_CONVERSION = YES;
				CLANG_WARN_NON_LITERAL_NULL_CONVERSION = YES;
				CLANG_WARN_OBJC_IMPLICIT_RETAIN_SELF = YES;
				CLANG_WARN_OBJC_LITERAL_CONVERSION = YES;
				CLANG_WARN_OBJC_ROOT_CLASS = YES_ERROR;
				CLANG_WARN_RANGE_LOOP_ANALYSIS = YES;
				CLANG_WARN_STRICT_PROTOTYPES = YES;
				CLANG_WARN_SUSPICIOUS_MOVE = YES;
				CLANG_WARN_UNGUARDED_AVAILABILITY = YES_AGGRESSIVE;
				CLANG_WARN_UNREACHABLE_CODE = YES;
				CLANG_WARN__DUPLICATE_METHOD_MATCH = YES;
				CODE_SIGN_IDENTITY = "iPhone Developer";
				COPY_PHASE_STRIP = NO;
				DEBUG_INFORMATION_FORMAT = dwarf;
				ENABLE_STRICT_OBJC_MSGSEND = YES;
				ENABLE_TESTABILITY = YES;
				GCC_C_LANGUAGE_STANDARD = gnu11;
				GCC_DYNAMIC_NO_PIC = NO;
				GCC_NO_COMMON_BLOCKS = YES;
				GCC_OPTIMIZATION_LEVEL = 0;
				GCC_PREPROCESSOR_DEFINITIONS = (
					"DEBUG=1",
					"$(inherited)",
				);
				GCC_WARN_64_TO_32_BIT_CONVERSION = YES;
				GCC_WARN_ABOUT_RETURN_TYPE = YES_ERROR;
				GCC_WARN_UNDECLARED_SELECTOR = YES;
				GCC_WARN_UNINITIALIZED_AUTOS = YES_AGGRESSIVE;
				GCC_WARN_UNUSED_FUNCTION = YES;
				GCC_WARN_UNUSED_VARIABLE = YES;
				IPHONEOS_DEPLOYMENT_TARGET = 11.3;
				MTL_ENABLE_DEBUG_INFO = YES;
				ONLY_ACTIVE_ARCH = YES;
				SDKROOT = iphoneos;
				SWIFT_ACTIVE_COMPILATION_CONDITIONS = DEBUG;
				SWIFT_OPTIMIZATION_LEVEL = "-Onone";
			};
			name = Debug;
		};
		3A569504209938A200789084 /* Release */ = {
			isa = XCBuildConfiguration;
			buildSettings = {
				ALWAYS_SEARCH_USER_PATHS = NO;
				CLANG_ANALYZER_NONNULL = YES;
				CLANG_ANALYZER_NUMBER_OBJECT_CONVERSION = YES_AGGRESSIVE;
				CLANG_CXX_LANGUAGE_STANDARD = "gnu++14";
				CLANG_CXX_LIBRARY = "libc++";
				CLANG_ENABLE_MODULES = YES;
				CLANG_ENABLE_OBJC_ARC = YES;
				CLANG_ENABLE_OBJC_WEAK = YES;
				CLANG_WARN_BLOCK_CAPTURE_AUTORELEASING = YES;
				CLANG_WARN_BOOL_CONVERSION = YES;
				CLANG_WARN_COMMA = YES;
				CLANG_WARN_CONSTANT_CONVERSION = YES;
				CLANG_WARN_DEPRECATED_OBJC_IMPLEMENTATIONS = YES;
				CLANG_WARN_DIRECT_OBJC_ISA_USAGE = YES_ERROR;
				CLANG_WARN_DOCUMENTATION_COMMENTS = YES;
				CLANG_WARN_EMPTY_BODY = YES;
				CLANG_WARN_ENUM_CONVERSION = YES;
				CLANG_WARN_INFINITE_RECURSION = YES;
				CLANG_WARN_INT_CONVERSION = YES;
				CLANG_WARN_NON_LITERAL_NULL_CONVERSION = YES;
				CLANG_WARN_OBJC_IMPLICIT_RETAIN_SELF = YES;
				CLANG_WARN_OBJC_LITERAL_CONVERSION = YES;
				CLANG_WARN_OBJC_ROOT_CLASS = YES_ERROR;
				CLANG_WARN_RANGE_LOOP_ANALYSIS = YES;
				CLANG_WARN_STRICT_PROTOTYPES = YES;
				CLANG_WARN_SUSPICIOUS_MOVE = YES;
				CLANG_WARN_UNGUARDED_AVAILABILITY = YES_AGGRESSIVE;
				CLANG_WARN_UNREACHABLE_CODE = YES;
				CLANG_WARN__DUPLICATE_METHOD_MATCH = YES;
				CODE_SIGN_IDENTITY = "iPhone Developer";
				COPY_PHASE_STRIP = NO;
				DEBUG_INFORMATION_FORMAT = "dwarf-with-dsym";
				ENABLE_NS_ASSERTIONS = NO;
				ENABLE_STRICT_OBJC_MSGSEND = YES;
				GCC_C_LANGUAGE_STANDARD = gnu11;
				GCC_NO_COMMON_BLOCKS = YES;
				GCC_WARN_64_TO_32_BIT_CONVERSION = YES;
				GCC_WARN_ABOUT_RETURN_TYPE = YES_ERROR;
				GCC_WARN_UNDECLARED_SELECTOR = YES;
				GCC_WARN_UNINITIALIZED_AUTOS = YES_AGGRESSIVE;
				GCC_WARN_UNUSED_FUNCTION = YES;
				GCC_WARN_UNUSED_VARIABLE = YES;
				IPHONEOS_DEPLOYMENT_TARGET = 11.3;
				MTL_ENABLE_DEBUG_INFO = NO;
				SDKROOT = iphoneos;
				SWIFT_COMPILATION_MODE = wholemodule;
				SWIFT_OPTIMIZATION_LEVEL = "-O";
				VALIDATE_PRODUCT = YES;
			};
			name = Release;
		};
		3A569506209938A200789084 /* Debug */ = {
			isa = XCBuildConfiguration;
			buildSettings = {
				ASSETCATALOG_COMPILER_APPICON_NAME = AppIcon;
				CODE_SIGN_STYLE = Automatic;
				DEVELOPMENT_TEAM = W8X62TY9M3;
				INFOPLIST_FILE = "Reddit-Ring/Info.plist";
				LD_RUNPATH_SEARCH_PATHS = (
					"$(inherited)",
					"@executable_path/Frameworks",
				);
				PRODUCT_BUNDLE_IDENTIFIER = "adrian.Reddit-Ring";
				PRODUCT_NAME = "$(TARGET_NAME)";
				SWIFT_VERSION = 4.0;
				TARGETED_DEVICE_FAMILY = "1,2";
			};
			name = Debug;
		};
		3A569507209938A200789084 /* Release */ = {
			isa = XCBuildConfiguration;
			buildSettings = {
				ASSETCATALOG_COMPILER_APPICON_NAME = AppIcon;
				CODE_SIGN_STYLE = Automatic;
				DEVELOPMENT_TEAM = W8X62TY9M3;
				INFOPLIST_FILE = "Reddit-Ring/Info.plist";
				LD_RUNPATH_SEARCH_PATHS = (
					"$(inherited)",
					"@executable_path/Frameworks",
				);
				PRODUCT_BUNDLE_IDENTIFIER = "adrian.Reddit-Ring";
				PRODUCT_NAME = "$(TARGET_NAME)";
				SWIFT_VERSION = 4.0;
				TARGETED_DEVICE_FAMILY = "1,2";
			};
			name = Release;
		};
/* End XCBuildConfiguration section */

/* Begin XCConfigurationList section */
		3A5694EE2099389C00789084 /* Build configuration list for PBXProject "Reddit-Ring" */ = {
			isa = XCConfigurationList;
			buildConfigurations = (
				3A569503209938A200789084 /* Debug */,
				3A569504209938A200789084 /* Release */,
			);
			defaultConfigurationIsVisible = 0;
			defaultConfigurationName = Release;
		};
		3A569505209938A200789084 /* Build configuration list for PBXNativeTarget "Reddit-Ring" */ = {
			isa = XCConfigurationList;
			buildConfigurations = (
				3A569506209938A200789084 /* Debug */,
				3A569507209938A200789084 /* Release */,
			);
			defaultConfigurationIsVisible = 0;
			defaultConfigurationName = Release;
		};
/* End XCConfigurationList section */
	};
	rootObject = 3A5694EB2099389C00789084 /* Project object */;
}
